PODS:
  - CloudCore (6.0.0)
  - Connectivity (6.1.1)
  - Viewer (4.4.0)

DEPENDENCIES:
  - CloudCore (from `../../Libraries/CloudCore/`)
  - Connectivity
  - Viewer (from `https://github.com/deeje/Viewer.git`, branch `feature/4.4`)

SPEC REPOS:
  trunk:
    - Connectivity

EXTERNAL SOURCES:
  CloudCore:
    :path: "../../Libraries/CloudCore/"
  Viewer:
    :branch: feature/4.4
    :git: https://github.com/deeje/Viewer.git

CHECKOUT OPTIONS:
  Viewer:
    :commit: b026e942f39ff4971e004a6fa903e813bd01f674
    :git: https://github.com/deeje/Viewer.git

SPEC CHECKSUMS:
  CloudCore: 1d5562b5a2ddb69aa3ed0cd8b7b66ea5957683e0
  Connectivity: 8f70b8506f45632756348d40c6a46ae6f4732652
  Viewer: d2e9bbe1e5b7fc1ab1409454889170d9d26547e4

PODFILE CHECKSUM: 73c93dca983eceeff951bb49212fff1ac478cbd6

COCOAPODS: 1.15.2
