{
  "originHash" : "21acff2b7340c60e79703ca726bfcb08af9c125c30e65947c11b41152414b66e",
  "pins" : [
    {
      "identity" : "connectivity",
      "kind" : "remoteSourceControl",
      "location" : "https://github.com/rwbutler/connectivity",
      "state" : {
        "revision" : "ac5a98af6564f6000f01e9c4cf0b89c7e8282513",
        "version" : "7.0.0"
      }
    },
    {
      "identity" : "mediaviewer",
      "kind" : "remoteSourceControl",
      "location" : "https://github.com/noppefoxwolf/MediaViewer",
      "state" : {
        "revision" : "42c36f73dd06717f242c8ee2e6157a4f8cc540af",
        "version" : "0.0.13"
      }
    }
  ],
  "version" : 3
}
